
Microsoft Visual Studio Solution File, Format Version 12.00
# Visual Studio Version 16
VisualStudioVersion = 16.0.29324.140
MinimumVisualStudioVersion = 10.0.40219.1
Project("{FAE04EC0-301F-11D3-BF4B-00C04F79EFBC}") = "foric", "foric\foric.csproj", "{E701D256-2AE1-4E92-8A46-9C5A46993D62}"
EndProject
Global
	GlobalSection(SolutionConfigurationPlatforms) = preSolution
		Debug|Any CPU = Debug|Any CPU
		Release|Any CPU = Release|Any CPU
	EndGlobalSection
	GlobalSection(ProjectConfigurationPlatforms) = postSolution
		{E701D256-2AE1-4E92-8A46-9C5A46993D62}.Debug|Any CPU.ActiveCfg = Debug|Any CPU
		{E701D256-2AE1-4E92-8A46-9C5A46993D62}.Debug|Any CPU.Build.0 = Debug|Any CPU
		{E701D256-2AE1-4E92-8A46-9C5A46993D62}.Release|Any CPU.ActiveCfg = Release|Any CPU
		{E701D256-2AE1-4E92-8A46-9C5A46993D62}.Release|Any CPU.Build.0 = Release|Any CPU
	EndGlobalSection
	GlobalSection(SolutionProperties) = preSolution
		HideSolutionNode = FALSE
	EndGlobalSection
	GlobalSection(ExtensibilityGlobals) = postSolution
		SolutionGuid = {4C53FD87-0CF7-4D1E-9393-6352BADA46D9}
	EndGlobalSection
EndGlobal
